github.com/Mzack9999/go-http-digest-auth-client v0.6.0 h1:LXVNMsj7qiNVmlZByFbjJmXf6SOm/uoo04XmnNcWPms=
github.com/Mzack9999/go-http-digest-auth-client v0.6.0/go.mod h1:gbwaYYXwA15ZfIxMyY5QU1acATDyNKEuG5TylBCL7AM=
github.com/davecgh/go-spew v1.1.1 h1:vj9j/u1bqnvCEfJOwUhtlOARqs3+rkHYY13jYWTU97c=
github.com/davecgh/go-spew v1.1.1/go.mod h1:J7Y8YcW2NihsgmVo/mv3lAwl/skON4iLHjSsI+c5H38=
github.com/hueristiq/hq-go-retrier v0.0.0-20241020110813-ef8a550b01d5 h1:uSIqfeqkXZI/QciepvLVduqbU7Rq+jr+At0ENVjPIN4=
github.com/hueristiq/hq-go-retrier v0.0.0-20241020110813-ef8a550b01d5/go.mod h1:YkxIHoJHsL0wmzQ3tc0qz4UTr9q9eCicUt5RvMV//xw=
github.com/hueristiq/hqgoutils v0.0.0-20231024005153-bd2c47932440 h1:dpHAa9c74HgAXkZ2WPd84q2cCiF76eluuSGRw7bk7To=
github.com/hueristiq/hqgoutils v0.0.0-20231024005153-bd2c47932440/go.mod h1:NlZ117o///yWDbRAbgYD7/Y44qce8z1Dj4caUsjunSY=
github.com/pmezard/go-difflib v1.0.0 h1:4DBwDE0NGyQoBHbLQYPwSUPoCMWR5BEzIk/f1lZbAQM=
github.com/pmezard/go-difflib v1.0.0/go.mod h1:iKH77koFhYxTK1pcRnkKkqfTogsbg7gZNVY4sRDYZ/4=
github.com/stretchr/objx v0.5.2 h1:xuMeJ0Sdp5ZMRXx/aWO6RZxdr3beISkG5/G/aIRr3pY=
github.com/stretchr/objx v0.5.2/go.mod h1:FRsXN1f5AsAjCGJKqEizvkpNtU+EGNCLh3NxZ/8L+MA=
github.com/stretchr/testify v1.9.0 h1:HtqpIVDClZ4nwg75+f6Lvsy/wHu+3BoSGCbBAcpTsTg=
github.com/stretchr/testify v1.9.0/go.mod h1:r2ic/lqez/lEtzL7wO/rwa5dbSLXVDPFyf8C91i36aY=
golang.org/x/net v0.30.0 h1:AcW1SDZMkb8IpzCdQUaIq2sP4sZ4zw+55h6ynffypl4=
golang.org/x/net v0.30.0/go.mod h1:2wGyMJ5iFasEhkwi13ChkO/t1ECNC4X4eBKkVFyYFlU=
golang.org/x/text v0.19.0 h1:kTxAhCbGbxhK0IwgSKiMO5awPoDQ0RpfiVYBfK860YM=
golang.org/x/text v0.19.0/go.mod h1:BuEKDfySbSR4drPmRPG/7iBdf8hvFMuRexcpahXilzY=
gopkg.in/yaml.v3 v3.0.1 h1:fxVm/GzAzEWqLHuvctI91KS9hhNmmWOoWu0XTYJS7CA=
gopkg.in/yaml.v3 v3.0.1/go.mod h1:K4uyk7z7BCEPqu6E+C64Yfv1cQ7kz7rIZviUmN+EgEM=
